# This file is autogenerated, do not edit; changes may be undone by the next 'dep ensure'.


[[projects]]
  branch = "master"
  name = "golang.org/x/crypto"
  packages = ["curve25519","ed25519","ed25519/internal/edwards25519","ssh","ssh/terminal"]
  revision = "94eea52f7b742c7cbe0b03b22f0c4c8631ece122"

[[projects]]
  branch = "master"
  name = "golang.org/x/sys"
  packages = ["unix","windows"]
  revision = "d5840adf789d732bc8b00f37b26ca956a7cc8e79"

[solve-meta]
  analyzer-name = "dep"
  analyzer-version = 1
  inputs-digest = "e44e1befd88fb370c103bd5a162a48d638af415001d2edaa10ed0cda6693c07c"
  solver-name = "gps-cdcl"
  solver-version = 1
